// !$*UTF8*$!
{
	archiveVersion = 1;
	classes = {
	};
	objectVersion = 46;
	objects = {

/* Begin PBXBuildFile section */
		EDC040AA19FE7453005AC5AE /* AppDelegate.swift in Sources */ = {isa = PBXBuildFile; fileRef = EDC040A919FE7453005AC5AE /* AppDelegate.swift */; };
		EDC040AD19FE7453005AC5AE /* Network.xcdatamodeld in Sources */ = {isa = PBXBuildFile; fileRef = EDC040AB19FE7453005AC5AE /* Network.xcdatamodeld */; };
		EDC040AF19FE7453005AC5AE /* ViewController.swift in Sources */ = {isa = PBXBuildFile; fileRef = EDC040AE19FE7453005AC5AE /* ViewController.swift */; };
		EDC040B219FE7453005AC5AE /* Main.storyboard in Resources */ = {isa = PBXBuildFile; fileRef = EDC040B019FE7453005AC5AE /* Main.storyboard */; };
		EDC040B419FE7453005AC5AE /* Images.xcassets in Resources */ = {isa = PBXBuildFile; fileRef = EDC040B319FE7453005AC5AE /* Images.xcassets */; };
		EDC040B719FE7453005AC5AE /* LaunchScreen.xib in Resources */ = {isa = PBXBuildFile; fileRef = EDC040B519FE7453005AC5AE /* LaunchScreen.xib */; };
		EDC040C319FE7453005AC5AE /* NetworkTests.swift in Sources */ = {isa = PBXBuildFile; fileRef = EDC040C219FE7453005AC5AE /* NetworkTests.swift */; };
		EDD1419C19FFE7480003A8F5 /* Current.swift in Sources */ = {isa = PBXBuildFile; fileRef = EDD1419B19FFE7480003A8F5 /* Current.swift */; };
/* End PBXBuildFile section */

/* Begin PBXContainerItemProxy section */
		EDC040BD19FE7453005AC5AE /* PBXContainerItemProxy */ = {
			isa = PBXContainerItemProxy;
			containerPortal = EDC0409C19FE7452005AC5AE /* Project object */;
			proxyType = 1;
			remoteGlobalIDString = EDC040A319FE7453005AC5AE;
			remoteInfo = Network;
		};
/* End PBXContainerItemProxy section */

/* Begin PBXFileReference section */
		EDC040A419FE7453005AC5AE /* Network.app */ = {isa = PBXFileReference; explicitFileType = wrapper.application; includeInIndex = 0; path = Network.app; sourceTree = BUILT_PRODUCTS_DIR; };
		EDC040A819FE7453005AC5AE /* Info.plist */ = {isa = PBXFileReference; lastKnownFileType = text.plist.xml; path = Info.plist; sourceTree = "<group>"; };
		EDC040A919FE7453005AC5AE /* AppDelegate.swift */ = {isa = PBXFileReference; lastKnownFileType = sourcecode.swift; path = AppDelegate.swift; sourceTree = "<group>"; };
		EDC040AC19FE7453005AC5AE /* Network.xcdatamodel */ = {isa = PBXFileReference; lastKnownFileType = wrapper.xcdatamodel; path = Network.xcdatamodel; sourceTree = "<group>"; };
		EDC040AE19FE7453005AC5AE /* ViewController.swift */ = {isa = PBXFileReference; lastKnownFileType = sourcecode.swift; path = ViewController.swift; sourceTree = "<group>"; };
		EDC040B119FE7453005AC5AE /* Base */ = {isa = PBXFileReference; lastKnownFileType = file.storyboard; name = Base; path = Base.lproj/Main.storyboard; sourceTree = "<group>"; };
		EDC040B319FE7453005AC5AE /* Images.xcassets */ = {isa = PBXFileReference; lastKnownFileType = folder.assetcatalog; path = Images.xcassets; sourceTree = "<group>"; };
		EDC040B619FE7453005AC5AE /* Base */ = {isa = PBXFileReference; lastKnownFileType = file.xib; name = Base; path = Base.lproj/LaunchScreen.xib; sourceTree = "<group>"; };
		EDC040BC19FE7453005AC5AE /* NetworkTests.xctest */ = {isa = PBXFileReference; explicitFileType = wrapper.cfbundle; includeInIndex = 0; path = NetworkTests.xctest; sourceTree = BUILT_PRODUCTS_DIR; };
		EDC040C119FE7453005AC5AE /* Info.plist */ = {isa = PBXFileReference; lastKnownFileType = text.plist.xml; path = Info.plist; sourceTree = "<group>"; };
		EDC040C219FE7453005AC5AE /* NetworkTests.swift */ = {isa = PBXFileReference; lastKnownFileType = sourcecode.swift; path = NetworkTests.swift; sourceTree = "<group>"; };
		EDC040CC19FE74F2005AC5AE /* MyPlayground.playground */ = {isa = PBXFileReference; lastKnownFileType = file.playground; path = MyPlayground.playground; sourceTree = "<group>"; };
		EDD1419B19FFE7480003A8F5 /* Current.swift */ = {isa = PBXFileReference; fileEncoding = 4; lastKnownFileType = sourcecode.swift; name = Current.swift; path = ../Current.swift; sourceTree = "<group>"; };
/* End PBXFileReference section */

/* Begin PBXFrameworksBuildPhase section */
		EDC040A119FE7453005AC5AE /* Frameworks */ = {
			isa = PBXFrameworksBuildPhase;
			buildActionMask = 2147483647;
			files = (
			);
			runOnlyForDeploymentPostprocessing = 0;
		};
		EDC040B919FE7453005AC5AE /* Frameworks */ = {
			isa = PBXFrameworksBuildPhase;
			buildActionMask = 2147483647;
			files = (
			);
			runOnlyForDeploymentPostprocessing = 0;
		};
/* End PBXFrameworksBuildPhase section */

/* Begin PBXGroup section */
		EDC0409B19FE7452005AC5AE = {
			isa = PBXGroup;
			children = (
				EDC040A619FE7453005AC5AE /* Network */,
				EDC040BF19FE7453005AC5AE /* NetworkTests */,
				EDC040A519FE7453005AC5AE /* Products */,
			);
			sourceTree = "<group>";
		};
		EDC040A519FE7453005AC5AE /* Products */ = {
			isa = PBXGroup;
			children = (
				EDC040A419FE7453005AC5AE /* Network.app */,
				EDC040BC19FE7453005AC5AE /* NetworkTests.xctest */,
			);
			name = Products;
			sourceTree = "<group>";
		};
		EDC040A619FE7453005AC5AE /* Network */ = {
			isa = PBXGroup;
			children = (
				EDD1419B19FFE7480003A8F5 /* Current.swift */,
				EDC040A919FE7453005AC5AE /* AppDelegate.swift */,
				EDC040AE19FE7453005AC5AE /* ViewController.swift */,
				EDC040B019FE7453005AC5AE /* Main.storyboard */,
				EDC040B319FE7453005AC5AE /* Images.xcassets */,
				EDC040B519FE7453005AC5AE /* LaunchScreen.xib */,
				EDC040AB19FE7453005AC5AE /* Network.xcdatamodeld */,
				EDC040A719FE7453005AC5AE /* Supporting Files */,
				EDC040CC19FE74F2005AC5AE /* MyPlayground.playground */,
			);
			path = Network;
			sourceTree = "<group>";
		};
		EDC040A719FE7453005AC5AE /* Supporting Files */ = {
			isa = PBXGroup;
			children = (
				EDC040A819FE7453005AC5AE /* Info.plist */,
			);
			name = "Supporting Files";
			sourceTree = "<group>";
		};
		EDC040BF19FE7453005AC5AE /* NetworkTests */ = {
			isa = PBXGroup;
			children = (
				EDC040C219FE7453005AC5AE /* NetworkTests.swift */,
				EDC040C019FE7453005AC5AE /* Supporting Files */,
			);
			path = NetworkTests;
			sourceTree = "<group>";
		};
		EDC040C019FE7453005AC5AE /* Supporting Files */ = {
			isa = PBXGroup;
			children = (
				EDC040C119FE7453005AC5AE /* Info.plist */,
			);
			name = "Supporting Files";
			sourceTree = "<group>";
		};
/* End PBXGroup section */

/* Begin PBXNativeTarget section */
		EDC040A319FE7453005AC5AE /* Network */ = {
			isa = PBXNativeTarget;
			buildConfigurationList = EDC040C619FE7453005AC5AE /* Build configuration list for PBXNativeTarget "Network" */;
			buildPhases = (
				EDC040A019FE7453005AC5AE /* Sources */,
				EDC040A119FE7453005AC5AE /* Frameworks */,
				EDC040A219FE7453005AC5AE /* Resources */,
			);
			buildRules = (
			);
			dependencies = (
			);
			name = Network;
			productName = Network;
			productReference = EDC040A419FE7453005AC5AE /* Network.app */;
			productType = "com.apple.product-type.application";
		};
		EDC040BB19FE7453005AC5AE /* NetworkTests */ = {
			isa = PBXNativeTarget;
			buildConfigurationList = EDC040C919FE7453005AC5AE /* Build configuration list for PBXNativeTarget "NetworkTests" */;
			buildPhases = (
				EDC040B819FE7453005AC5AE /* Sources */,
				EDC040B919FE7453005AC5AE /* Frameworks */,
				EDC040BA19FE7453005AC5AE /* Resources */,
			);
			buildRules = (
			);
			dependencies = (
				EDC040BE19FE7453005AC5AE /* PBXTargetDependency */,
			);
			name = NetworkTests;
			productName = NetworkTests;
			productReference = EDC040BC19FE7453005AC5AE /* NetworkTests.xctest */;
			productType = "com.apple.product-type.bundle.unit-test";
		};
/* End PBXNativeTarget section */

/* Begin PBXProject section */
		EDC0409C19FE7452005AC5AE /* Project object */ = {
			isa = PBXProject;
			attributes = {
				LastUpgradeCheck = 0610;
				ORGANIZATIONNAME = "Eduardo Parucker";
				TargetAttributes = {
					EDC040A319FE7453005AC5AE = {
						CreatedOnToolsVersion = 6.1;
					};
					EDC040BB19FE7453005AC5AE = {
						CreatedOnToolsVersion = 6.1;
						TestTargetID = EDC040A319FE7453005AC5AE;
					};
				};
			};
			buildConfigurationList = EDC0409F19FE7452005AC5AE /* Build configuration list for PBXProject "Network" */;
			compatibilityVersion = "Xcode 3.2";
			developmentRegion = English;
			hasScannedForEncodings = 0;
			knownRegions = (
				en,
				Base,
			);
			mainGroup = EDC0409B19FE7452005AC5AE;
			productRefGroup = EDC040A519FE7453005AC5AE /* Products */;
			projectDirPath = "";
			projectRoot = "";
			targets = (
				EDC040A319FE7453005AC5AE /* Network */,
				EDC040BB19FE7453005AC5AE /* NetworkTests */,
			);
		};
/* End PBXProject section */

/* Begin PBXResourcesBuildPhase section */
		EDC040A219FE7453005AC5AE /* Resources */ = {
			isa = PBXResourcesBuildPhase;
			buildActionMask = 2147483647;
			files = (
				EDC040B219FE7453005AC5AE /* Main.storyboard in Resources */,
				EDC040B719FE7453005AC5AE /* LaunchScreen.xib in Resources */,
				EDC040B419FE7453005AC5AE /* Images.xcassets in Resources */,
			);
			runOnlyForDeploymentPostprocessing = 0;
		};
		EDC040BA19FE7453005AC5AE /* Resources */ = {
			isa = PBXResourcesBuildPhase;
			buildActionMask = 2147483647;
			files = (
			);
			runOnlyForDeploymentPostprocessing = 0;
		};
/* End PBXResourcesBuildPhase section */

/* Begin PBXSourcesBuildPhase section */
		EDC040A019FE7453005AC5AE /* Sources */ = {
			isa = PBXSourcesBuildPhase;
			buildActionMask = 2147483647;
			files = (
				EDC040AF19FE7453005AC5AE /* ViewController.swift in Sources */,
				EDC040AD19FE7453005AC5AE /* Network.xcdatamodeld in Sources */,
				EDC040AA19FE7453005AC5AE /* AppDelegate.swift in Sources */,
				EDD1419C19FFE7480003A8F5 /* Current.swift in Sources */,
			);
			runOnlyForDeploymentPostprocessing = 0;
		};
		EDC040B819FE7453005AC5AE /* Sources */ = {
			isa = PBXSourcesBuildPhase;
			buildActionMask = 2147483647;
			files = (
				EDC040C319FE7453005AC5AE /* NetworkTests.swift in Sources */,
			);
			runOnlyForDeploymentPostprocessing = 0;
		};
/* End PBXSourcesBuildPhase section */

/* Begin PBXTargetDependency section */
		EDC040BE19FE7453005AC5AE /* PBXTargetDependency */ = {
			isa = PBXTargetDependency;
			target = EDC040A319FE7453005AC5AE /* Network */;
			targetProxy = EDC040BD19FE7453005AC5AE /* PBXContainerItemProxy */;
		};
/* End PBXTargetDependency section */

/* Begin PBXVariantGroup section */
		EDC040B019FE7453005AC5AE /* Main.storyboard */ = {
			isa = PBXVariantGroup;
			children = (
				EDC040B119FE7453005AC5AE /* Base */,
			);
			name = Main.storyboard;
			sourceTree = "<group>";
		};
		EDC040B519FE7453005AC5AE /* LaunchScreen.xib */ = {
			isa = PBXVariantGroup;
			children = (
				EDC040B619FE7453005AC5AE /* Base */,
			);
			name = LaunchScreen.xib;
			sourceTree = "<group>";
		};
/* End PBXVariantGroup section */

/* Begin XCBuildConfiguration section */
		EDC040C419FE7453005AC5AE /* Debug */ = {
			isa = XCBuildConfiguration;
			buildSettings = {
				ALWAYS_SEARCH_USER_PATHS = NO;
				CLANG_CXX_LANGUAGE_STANDARD = "gnu++0x";
				CLANG_CXX_LIBRARY = "libc++";
				CLANG_ENABLE_MODULES = YES;
				CLANG_ENABLE_OBJC_ARC = YES;
				CLANG_WARN_BOOL_CONVERSION = YES;
				CLANG_WARN_CONSTANT_CONVERSION = YES;
				CLANG_WARN_DIRECT_OBJC_ISA_USAGE = YES_ERROR;
				CLANG_WARN_EMPTY_BODY = YES;
				CLANG_WARN_ENUM_CONVERSION = YES;
				CLANG_WARN_INT_CONVERSION = YES;
				CLANG_WARN_OBJC_ROOT_CLASS = YES_ERROR;
				CLANG_WARN_UNREACHABLE_CODE = YES;
				CLANG_WARN__DUPLICATE_METHOD_MATCH = YES;
				"CODE_SIGN_IDENTITY[sdk=iphoneos*]" = "iPhone Developer";
				COPY_PHASE_STRIP = NO;
				ENABLE_STRICT_OBJC_MSGSEND = YES;
				GCC_C_LANGUAGE_STANDARD = gnu99;
				GCC_DYNAMIC_NO_PIC = NO;
				GCC_OPTIMIZATION_LEVEL = 0;
				GCC_PREPROCESSOR_DEFINITIONS = (
					"DEBUG=1",
					"$(inherited)",
				);
				GCC_SYMBOLS_PRIVATE_EXTERN = NO;
				GCC_WARN_64_TO_32_BIT_CONVERSION = YES;
				GCC_WARN_ABOUT_RETURN_TYPE = YES_ERROR;
				GCC_WARN_UNDECLARED_SELECTOR = YES;
				GCC_WARN_UNINITIALIZED_AUTOS = YES_AGGRESSIVE;
				GCC_WARN_UNUSED_FUNCTION = YES;
				GCC_WARN_UNUSED_VARIABLE = YES;
				IPHONEOS_DEPLOYMENT_TARGET = 8.1;
				MTL_ENABLE_DEBUG_INFO = YES;
				ONLY_ACTIVE_ARCH = YES;
				SDKROOT = iphoneos;
				SWIFT_OPTIMIZATION_LEVEL = "-Onone";
			};
			name = Debug;
		};
		EDC040C519FE7453005AC5AE /* Release */ = {
			isa = XCBuildConfiguration;
			buildSettings = {
				ALWAYS_SEARCH_USER_PATHS = NO;
				CLANG_CXX_LANGUAGE_STANDARD = "gnu++0x";
				CLANG_CXX_LIBRARY = "libc++";
				CLANG_ENABLE_MODULES = YES;
				CLANG_ENABLE_OBJC_ARC = YES;
				CLANG_WARN_BOOL_CONVERSION = YES;
				CLANG_WARN_CONSTANT_CONVERSION = YES;
				CLANG_WARN_DIRECT_OBJC_ISA_USAGE = YES_ERROR;
				CLANG_WARN_EMPTY_BODY = YES;
				CLANG_WARN_ENUM_CONVERSION = YES;
				CLANG_WARN_INT_CONVERSION = YES;
				CLANG_WARN_OBJC_ROOT_CLASS = YES_ERROR;
				CLANG_WARN_UNREACHABLE_CODE = YES;
				CLANG_WARN__DUPLICATE_METHOD_MATCH = YES;
				"CODE_SIGN_IDENTITY[sdk=iphoneos*]" = "iPhone Developer";
				COPY_PHASE_STRIP = YES;
				ENABLE_NS_ASSERTIONS = NO;
				ENABLE_STRICT_OBJC_MSGSEND = YES;
				GCC_C_LANGUAGE_STANDARD = gnu99;
				GCC_WARN_64_TO_32_BIT_CONVERSION = YES;
				GCC_WARN_ABOUT_RETURN_TYPE = YES_ERROR;
				GCC_WARN_UNDECLARED_SELECTOR = YES;
				GCC_WARN_UNINITIALIZED_AUTOS = YES_AGGRESSIVE;
				GCC_WARN_UNUSED_FUNCTION = YES;
				GCC_WARN_UNUSED_VARIABLE = YES;
				IPHONEOS_DEPLOYMENT_TARGET = 8.1;
				MTL_ENABLE_DEBUG_INFO = NO;
				SDKROOT = iphoneos;
				VALIDATE_PRODUCT = YES;
			};
			name = Release;
		};
		EDC040C719FE7453005AC5AE /* Debug */ = {
			isa = XCBuildConfiguration;
			buildSettings = {
				ASSETCATALOG_COMPILER_APPICON_NAME = AppIcon;
				INFOPLIST_FILE = Network/Info.plist;
				LD_RUNPATH_SEARCH_PATHS = "$(inherited) @executable_path/Frameworks";
				PRODUCT_NAME = "$(TARGET_NAME)";
			};
			name = Debug;
		};
		EDC040C819FE7453005AC5AE /* Release */ = {
			isa = XCBuildConfiguration;
			buildSettings = {
				ASSETCATALOG_COMPILER_APPICON_NAME = AppIcon;
				INFOPLIST_FILE = Network/Info.plist;
				LD_RUNPATH_SEARCH_PATHS = "$(inherited) @executable_path/Frameworks";
				PRODUCT_NAME = "$(TARGET_NAME)";
			};
			name = Release;
		};
		EDC040CA19FE7453005AC5AE /* Debug */ = {
			isa = XCBuildConfiguration;
			buildSettings = {
				BUNDLE_LOADER = "$(TEST_HOST)";
				FRAMEWORK_SEARCH_PATHS = (
					"$(SDKROOT)/Developer/Library/Frameworks",
					"$(inherited)",
				);
				GCC_PREPROCESSOR_DEFINITIONS = (
					"DEBUG=1",
					"$(inherited)",
				);
				INFOPLIST_FILE = NetworkTests/Info.plist;
				LD_RUNPATH_SEARCH_PATHS = "$(inherited) @executable_path/Frameworks @loader_path/Frameworks";
				PRODUCT_NAME = "$(TARGET_NAME)";
				TEST_HOST = "$(BUILT_PRODUCTS_DIR)/Network.app/Network";
			};
			name = Debug;
		};
		EDC040CB19FE7453005AC5AE /* Release */ = {
			isa = XCBuildConfiguration;
			buildSettings = {
				BUNDLE_LOADER = "$(TEST_HOST)";
				FRAMEWORK_SEARCH_PATHS = (
					"$(SDKROOT)/Developer/Library/Frameworks",
					"$(inherited)",
				);
				INFOPLIST_FILE = NetworkTests/Info.plist;
				LD_RUNPATH_SEARCH_PATHS = "$(inherited) @executable_path/Frameworks @loader_path/Frameworks";
				PRODUCT_NAME = "$(TARGET_NAME)";
				TEST_HOST = "$(BUILT_PRODUCTS_DIR)/Network.app/Network";
			};
			name = Release;
		};
/* End XCBuildConfiguration section */

/* Begin XCConfigurationList section */
		EDC0409F19FE7452005AC5AE /* Build configuration list for PBXProject "Network" */ = {
			isa = XCConfigurationList;
			buildConfigurations = (
				EDC040C419FE7453005AC5AE /* Debug */,
				EDC040C519FE7453005AC5AE /* Release */,
			);
			defaultConfigurationIsVisible = 0;
			defaultConfigurationName = Release;
		};
		EDC040C619FE7453005AC5AE /* Build configuration list for PBXNativeTarget "Network" */ = {
			isa = XCConfigurationList;
			buildConfigurations = (
				EDC040C719FE7453005AC5AE /* Debug */,
				EDC040C819FE7453005AC5AE /* Release */,
			);
			defaultConfigurationIsVisible = 0;
			defaultConfigurationName = Release;
		};
		EDC040C919FE7453005AC5AE /* Build configuration list for PBXNativeTarget "NetworkTests" */ = {
			isa = XCConfigurationList;
			buildConfigurations = (
				EDC040CA19FE7453005AC5AE /* Debug */,
				EDC040CB19FE7453005AC5AE /* Release */,
			);
			defaultConfigurationIsVisible = 0;
			defaultConfigurationName = Release;
		};
/* End XCConfigurationList section */

/* Begin XCVersionGroup section */
		EDC040AB19FE7453005AC5AE /* Network.xcdatamodeld */ = {
			isa = XCVersionGroup;
			children = (
				EDC040AC19FE7453005AC5AE /* Network.xcdatamodel */,
			);
			currentVersion = EDC040AC19FE7453005AC5AE /* Network.xcdatamodel */;
			path = Network.xcdatamodeld;
			sourceTree = "<group>";
			versionGroupType = wrapper.xcdatamodel;
		};
/* End XCVersionGroup section */
	};
	rootObject = EDC0409C19FE7452005AC5AE /* Project object */;
}
